
Microsoft Visual Studio Solution File, Format Version 12.00
# Visual Studio 2012
Project("{FAE04EC0-301F-11D3-BF4B-00C04F79EFBC}") = "ComparePerformanceOfMethods", "ComparePerformanceOfMethods\ComparePerformanceOfMethods.csproj", "{2D197CC0-F2C9-48CB-A4C9-CB1C5CB4CCF6}"
EndProject
Project("{FAE04EC0-301F-11D3-BF4B-00C04F79EFBC}") = "ComparePerformanceOfMethodsFromMathClass", "ComparePerformanceOfMethodsFromMathClass\ComparePerformanceOfMethodsFromMathClass.csproj", "{5A668197-C106-4A05-A6E1-D665E01D620C}"
EndProject
Global
	GlobalSection(SolutionConfigurationPlatforms) = preSolution
		Debug|Any CPU = Debug|Any CPU
		Release|Any CPU = Release|Any CPU
	EndGlobalSection
	GlobalSection(ProjectConfigurationPlatforms) = postSolution
		{2D197CC0-F2C9-48CB-A4C9-CB1C5CB4CCF6}.Debug|Any CPU.ActiveCfg = Debug|Any CPU
		{2D197CC0-F2C9-48CB-A4C9-CB1C5CB4CCF6}.Debug|Any CPU.Build.0 = Debug|Any CPU
		{2D197CC0-F2C9-48CB-A4C9-CB1C5CB4CCF6}.Release|Any CPU.ActiveCfg = Release|Any CPU
		{2D197CC0-F2C9-48CB-A4C9-CB1C5CB4CCF6}.Release|Any CPU.Build.0 = Release|Any CPU
		{5A668197-C106-4A05-A6E1-D665E01D620C}.Debug|Any CPU.ActiveCfg = Debug|Any CPU
		{5A668197-C106-4A05-A6E1-D665E01D620C}.Debug|Any CPU.Build.0 = Debug|Any CPU
		{5A668197-C106-4A05-A6E1-D665E01D620C}.Release|Any CPU.ActiveCfg = Release|Any CPU
		{5A668197-C106-4A05-A6E1-D665E01D620C}.Release|Any CPU.Build.0 = Release|Any CPU
	EndGlobalSection
	GlobalSection(SolutionProperties) = preSolution
		HideSolutionNode = FALSE
	EndGlobalSection
EndGlobal
