
Microsoft Visual Studio Solution File, Format Version 12.00
# Visual Studio 2012
Project("{FAE04EC0-301F-11D3-BF4B-00C04F79EFBC}") = "SchoolSystem", "SchoolSystem\SchoolSystem.csproj", "{A1B7D04E-1181-43B6-B4BC-5E0A618DB8EA}"
EndProject
Project("{FAE04EC0-301F-11D3-BF4B-00C04F79EFBC}") = "TestSchoolSystem", "TestSchoolSystem\TestSchoolSystem.csproj", "{9EC1715E-2370-4167-8F18-5BDEE3F03BB1}"
EndProject
Global
	GlobalSection(SolutionConfigurationPlatforms) = preSolution
		Debug|Any CPU = Debug|Any CPU
		Release|Any CPU = Release|Any CPU
	EndGlobalSection
	GlobalSection(ProjectConfigurationPlatforms) = postSolution
		{A1B7D04E-1181-43B6-B4BC-5E0A618DB8EA}.Debug|Any CPU.ActiveCfg = Debug|Any CPU
		{A1B7D04E-1181-43B6-B4BC-5E0A618DB8EA}.Debug|Any CPU.Build.0 = Debug|Any CPU
		{A1B7D04E-1181-43B6-B4BC-5E0A618DB8EA}.Release|Any CPU.ActiveCfg = Release|Any CPU
		{A1B7D04E-1181-43B6-B4BC-5E0A618DB8EA}.Release|Any CPU.Build.0 = Release|Any CPU
		{9EC1715E-2370-4167-8F18-5BDEE3F03BB1}.Debug|Any CPU.ActiveCfg = Debug|Any CPU
		{9EC1715E-2370-4167-8F18-5BDEE3F03BB1}.Debug|Any CPU.Build.0 = Debug|Any CPU
		{9EC1715E-2370-4167-8F18-5BDEE3F03BB1}.Release|Any CPU.ActiveCfg = Release|Any CPU
		{9EC1715E-2370-4167-8F18-5BDEE3F03BB1}.Release|Any CPU.Build.0 = Release|Any CPU
	EndGlobalSection
	GlobalSection(SolutionProperties) = preSolution
		HideSolutionNode = FALSE
	EndGlobalSection
EndGlobal
