
Microsoft Visual Studio Solution File, Format Version 12.00
# Visual Studio 2012
Project("{FAE04EC0-301F-11D3-BF4B-00C04F79EFBC}") = "1.ReadAndPrintIntNumbers", "1.ReadAndPrintIntNumbers\1.ReadAndPrintIntNumbers.csproj", "{2D843230-EDF0-45E7-8C9E-B41C41748B16}"
EndProject
Project("{FAE04EC0-301F-11D3-BF4B-00C04F79EFBC}") = "2.PerimeterAndAreaOfCircle", "2.PerimeterAndAreaOfCircle\2.PerimeterAndAreaOfCircle.csproj", "{7891F70A-9595-45ED-8BB3-F998C2D050DE}"
EndProject
Project("{FAE04EC0-301F-11D3-BF4B-00C04F79EFBC}") = "3.ReadCompanyInformation", "3.ReadCompanyInformation\3.ReadCompanyInformation.csproj", "{A2CDC55C-5D11-4CDB-80D4-1607F1DDB258}"
EndProject
Project("{FAE04EC0-301F-11D3-BF4B-00C04F79EFBC}") = "4.NumbersDividedBy5BetweenTwoOtherNumbers", "4.NumbersDividedBy5BetweenTwoOtherNumbers\4.NumbersDividedBy5BetweenTwoOtherNumbers.csproj", "{DBDA0011-CDA9-4CA8-BAD8-FCC79E378954}"
EndProject
Project("{FAE04EC0-301F-11D3-BF4B-00C04F79EFBC}") = "5.GreaterNumberOfTwoNumbers", "5.GreaterNumberOfTwoNumbers\5.GreaterNumberOfTwoNumbers.csproj", "{BD4976AF-EC70-4899-BE5B-CA1E6AD2CD0A}"
EndProject
Project("{FAE04EC0-301F-11D3-BF4B-00C04F79EFBC}") = "6.QuadraticEquation(ax^2+bx+c)", "6.QuadraticEquation(ax^2+bx+c)\6.QuadraticEquation(ax^2+bx+c).csproj", "{567D174C-D76D-451B-A24A-93479DD0F81B}"
EndProject
Project("{FAE04EC0-301F-11D3-BF4B-00C04F79EFBC}") = "7.nNumbers", "7.nNumbers\7.nNumbers.csproj", "{C0759C49-7388-4C77-A60C-1F186E205D10}"
EndProject
Project("{FAE04EC0-301F-11D3-BF4B-00C04F79EFBC}") = "8.NumbersInInterval", "8.NumbersInInterval\8.NumbersInInterval.csproj", "{D7E5B695-DB54-4E65-AD13-5E449C750B64}"
EndProject
Project("{FAE04EC0-301F-11D3-BF4B-00C04F79EFBC}") = "9.FibonacciNumbers", "9.FibonacciNumbers\9.FibonacciNumbers.csproj", "{7ED9305B-502C-4E88-B8B2-C52E81D527A8}"
EndProject
Project("{FAE04EC0-301F-11D3-BF4B-00C04F79EFBC}") = "10.NumberSequence", "10.NumberSequence\10.NumberSequence.csproj", "{B8E41A1E-B111-405D-850E-C08873917869}"
EndProject
Global
	GlobalSection(SolutionConfigurationPlatforms) = preSolution
		Debug|Any CPU = Debug|Any CPU
		Release|Any CPU = Release|Any CPU
	EndGlobalSection
	GlobalSection(ProjectConfigurationPlatforms) = postSolution
		{2D843230-EDF0-45E7-8C9E-B41C41748B16}.Debug|Any CPU.ActiveCfg = Debug|Any CPU
		{2D843230-EDF0-45E7-8C9E-B41C41748B16}.Debug|Any CPU.Build.0 = Debug|Any CPU
		{2D843230-EDF0-45E7-8C9E-B41C41748B16}.Release|Any CPU.ActiveCfg = Release|Any CPU
		{2D843230-EDF0-45E7-8C9E-B41C41748B16}.Release|Any CPU.Build.0 = Release|Any CPU
		{7891F70A-9595-45ED-8BB3-F998C2D050DE}.Debug|Any CPU.ActiveCfg = Debug|Any CPU
		{7891F70A-9595-45ED-8BB3-F998C2D050DE}.Debug|Any CPU.Build.0 = Debug|Any CPU
		{7891F70A-9595-45ED-8BB3-F998C2D050DE}.Release|Any CPU.ActiveCfg = Release|Any CPU
		{7891F70A-9595-45ED-8BB3-F998C2D050DE}.Release|Any CPU.Build.0 = Release|Any CPU
		{A2CDC55C-5D11-4CDB-80D4-1607F1DDB258}.Debug|Any CPU.ActiveCfg = Debug|Any CPU
		{A2CDC55C-5D11-4CDB-80D4-1607F1DDB258}.Debug|Any CPU.Build.0 = Debug|Any CPU
		{A2CDC55C-5D11-4CDB-80D4-1607F1DDB258}.Release|Any CPU.ActiveCfg = Release|Any CPU
		{A2CDC55C-5D11-4CDB-80D4-1607F1DDB258}.Release|Any CPU.Build.0 = Release|Any CPU
		{DBDA0011-CDA9-4CA8-BAD8-FCC79E378954}.Debug|Any CPU.ActiveCfg = Debug|Any CPU
		{DBDA0011-CDA9-4CA8-BAD8-FCC79E378954}.Debug|Any CPU.Build.0 = Debug|Any CPU
		{DBDA0011-CDA9-4CA8-BAD8-FCC79E378954}.Release|Any CPU.ActiveCfg = Release|Any CPU
		{DBDA0011-CDA9-4CA8-BAD8-FCC79E378954}.Release|Any CPU.Build.0 = Release|Any CPU
		{BD4976AF-EC70-4899-BE5B-CA1E6AD2CD0A}.Debug|Any CPU.ActiveCfg = Debug|Any CPU
		{BD4976AF-EC70-4899-BE5B-CA1E6AD2CD0A}.Debug|Any CPU.Build.0 = Debug|Any CPU
		{BD4976AF-EC70-4899-BE5B-CA1E6AD2CD0A}.Release|Any CPU.ActiveCfg = Release|Any CPU
		{BD4976AF-EC70-4899-BE5B-CA1E6AD2CD0A}.Release|Any CPU.Build.0 = Release|Any CPU
		{567D174C-D76D-451B-A24A-93479DD0F81B}.Debug|Any CPU.ActiveCfg = Debug|Any CPU
		{567D174C-D76D-451B-A24A-93479DD0F81B}.Debug|Any CPU.Build.0 = Debug|Any CPU
		{567D174C-D76D-451B-A24A-93479DD0F81B}.Release|Any CPU.ActiveCfg = Release|Any CPU
		{567D174C-D76D-451B-A24A-93479DD0F81B}.Release|Any CPU.Build.0 = Release|Any CPU
		{C0759C49-7388-4C77-A60C-1F186E205D10}.Debug|Any CPU.ActiveCfg = Debug|Any CPU
		{C0759C49-7388-4C77-A60C-1F186E205D10}.Debug|Any CPU.Build.0 = Debug|Any CPU
		{C0759C49-7388-4C77-A60C-1F186E205D10}.Release|Any CPU.ActiveCfg = Release|Any CPU
		{C0759C49-7388-4C77-A60C-1F186E205D10}.Release|Any CPU.Build.0 = Release|Any CPU
		{D7E5B695-DB54-4E65-AD13-5E449C750B64}.Debug|Any CPU.ActiveCfg = Debug|Any CPU
		{D7E5B695-DB54-4E65-AD13-5E449C750B64}.Debug|Any CPU.Build.0 = Debug|Any CPU
		{D7E5B695-DB54-4E65-AD13-5E449C750B64}.Release|Any CPU.ActiveCfg = Release|Any CPU
		{D7E5B695-DB54-4E65-AD13-5E449C750B64}.Release|Any CPU.Build.0 = Release|Any CPU
		{7ED9305B-502C-4E88-B8B2-C52E81D527A8}.Debug|Any CPU.ActiveCfg = Debug|Any CPU
		{7ED9305B-502C-4E88-B8B2-C52E81D527A8}.Debug|Any CPU.Build.0 = Debug|Any CPU
		{7ED9305B-502C-4E88-B8B2-C52E81D527A8}.Release|Any CPU.ActiveCfg = Release|Any CPU
		{7ED9305B-502C-4E88-B8B2-C52E81D527A8}.Release|Any CPU.Build.0 = Release|Any CPU
		{B8E41A1E-B111-405D-850E-C08873917869}.Debug|Any CPU.ActiveCfg = Debug|Any CPU
		{B8E41A1E-B111-405D-850E-C08873917869}.Debug|Any CPU.Build.0 = Debug|Any CPU
		{B8E41A1E-B111-405D-850E-C08873917869}.Release|Any CPU.ActiveCfg = Release|Any CPU
		{B8E41A1E-B111-405D-850E-C08873917869}.Release|Any CPU.Build.0 = Release|Any CPU
	EndGlobalSection
	GlobalSection(SolutionProperties) = preSolution
		HideSolutionNode = FALSE
	EndGlobalSection
EndGlobal
